
Microsoft Visual Studio Solution File, Format Version 12.00
# Visual Studio Version 17
VisualStudioVersion = 17.9.34701.34
MinimumVisualStudioVersion = 10.0.40219.1
Project("{FAE04EC0-301F-11D3-BF4B-00C04F79EFBC}") = "Template_MS_NET8_Blazor_VS_V1", "Template_MS_NET8_Blazor_VS_V1\Template_MS_NET8_Blazor_VS_V1.csproj", "{D29D0665-7F74-4CF2-99F5-705BCCFAF622}"
EndProject
Global
	GlobalSection(SolutionConfigurationPlatforms) = preSolution
		Debug|Any CPU = Debug|Any CPU
		Release|Any CPU = Release|Any CPU
	EndGlobalSection
	GlobalSection(ProjectConfigurationPlatforms) = postSolution
		{D29D0665-7F74-4CF2-99F5-705BCCFAF622}.Debug|Any CPU.ActiveCfg = Debug|Any CPU
		{D29D0665-7F74-4CF2-99F5-705BCCFAF622}.Debug|Any CPU.Build.0 = Debug|Any CPU
		{D29D0665-7F74-4CF2-99F5-705BCCFAF622}.Release|Any CPU.ActiveCfg = Release|Any CPU
		{D29D0665-7F74-4CF2-99F5-705BCCFAF622}.Release|Any CPU.Build.0 = Release|Any CPU
	EndGlobalSection
	GlobalSection(SolutionProperties) = preSolution
		HideSolutionNode = FALSE
	EndGlobalSection
	GlobalSection(ExtensibilityGlobals) = postSolution
		SolutionGuid = {F40B4141-6EB7-4890-91CB-CA5C69034927}
	EndGlobalSection
EndGlobal
